
Microsoft Visual Studio Solution File, Format Version 12.00
# Visual Studio 15
VisualStudioVersion = 15.0.28307.1831
MinimumVisualStudioVersion = 10.0.40219.1
Project("{8BC9CEB8-8B4A-11D0-8D11-00A0C91BC942}") = "Lab4Pysarenkov", "Lab4Pysarenkov\Lab4Pysarenkov.vcxproj", "{34D19E41-E2A6-4B68-9306-C2E6C0972928}"
EndProject
Global
	GlobalSection(SolutionConfigurationPlatforms) = preSolution
		Debug|x64 = Debug|x64
		Debug|x86 = Debug|x86
		Release|x64 = Release|x64
		Release|x86 = Release|x86
	EndGlobalSection
	GlobalSection(ProjectConfigurationPlatforms) = postSolution
		{34D19E41-E2A6-4B68-9306-C2E6C0972928}.Debug|x64.ActiveCfg = Debug|x64
		{34D19E41-E2A6-4B68-9306-C2E6C0972928}.Debug|x64.Build.0 = Debug|x64
		{34D19E41-E2A6-4B68-9306-C2E6C0972928}.Debug|x86.ActiveCfg = Debug|Win32
		{34D19E41-E2A6-4B68-9306-C2E6C0972928}.Debug|x86.Build.0 = Debug|Win32
		{34D19E41-E2A6-4B68-9306-C2E6C0972928}.Release|x64.ActiveCfg = Release|x64
		{34D19E41-E2A6-4B68-9306-C2E6C0972928}.Release|x64.Build.0 = Release|x64
		{34D19E41-E2A6-4B68-9306-C2E6C0972928}.Release|x86.ActiveCfg = Release|Win32
		{34D19E41-E2A6-4B68-9306-C2E6C0972928}.Release|x86.Build.0 = Release|Win32
	EndGlobalSection
	GlobalSection(SolutionProperties) = preSolution
		HideSolutionNode = FALSE
	EndGlobalSection
	GlobalSection(ExtensibilityGlobals) = postSolution
		SolutionGuid = {EC22999F-286F-4926-AAF4-C45C8A69B955}
	EndGlobalSection
EndGlobal
